
Microsoft Visual Studio Solution File, Format Version 12.00
# Visual Studio 15
VisualStudioVersion = 15.0.26730.16
MinimumVisualStudioVersion = 10.0.40219.1
Project("{FAE04EC0-301F-11D3-BF4B-00C04F79EFBC}") = "ConsoleApp1", "ConsoleApp1\ConsoleApp1.csproj", "{C843AF3D-3722-4F08-82B5-A03724C7D06D}"
EndProject
Global
	GlobalSection(SolutionConfigurationPlatforms) = preSolution
		Debug|Any CPU = Debug|Any CPU
		Release|Any CPU = Release|Any CPU
	EndGlobalSection
	GlobalSection(ProjectConfigurationPlatforms) = postSolution
		{C843AF3D-3722-4F08-82B5-A03724C7D06D}.Debug|Any CPU.ActiveCfg = Debug|Any CPU
		{C843AF3D-3722-4F08-82B5-A03724C7D06D}.Debug|Any CPU.Build.0 = Debug|Any CPU
		{C843AF3D-3722-4F08-82B5-A03724C7D06D}.Release|Any CPU.ActiveCfg = Release|Any CPU
		{C843AF3D-3722-4F08-82B5-A03724C7D06D}.Release|Any CPU.Build.0 = Release|Any CPU
	EndGlobalSection
	GlobalSection(SolutionProperties) = preSolution
		HideSolutionNode = FALSE
	EndGlobalSection
	GlobalSection(ExtensibilityGlobals) = postSolution
		SolutionGuid = {A60D83DB-A320-4BAA-AA27-72B6AD261EBF}
	EndGlobalSection
EndGlobal
